// !$*UTF8*$!
{
	archiveVersion = 1;
	classes = {
	};
	objectVersion = 56;
	objects = {

/* Begin PBXBuildFile section */
		86263C60292028FB00C632BB /* RouteSelectionView.swift in Sources */ = {isa = PBXBuildFile; fileRef = 86263C5F292028FB00C632BB /* RouteSelectionView.swift */; };
		86263C6229202A5200C632BB /* RoutesModel.swift in Sources */ = {isa = PBXBuildFile; fileRef = 86263C6129202A5200C632BB /* RoutesModel.swift */; };
		86CB80D82918AD5800F69A5A /* Inrix_Hack_2022App.swift in Sources */ = {isa = PBXBuildFile; fileRef = 86CB80D72918AD5800F69A5A /* Inrix_Hack_2022App.swift */; };
		86CB80DA2918AD5800F69A5A /* ContentView.swift in Sources */ = {isa = PBXBuildFile; fileRef = 86CB80D92918AD5800F69A5A /* ContentView.swift */; };
		86CB80DC2918AD5A00F69A5A /* Assets.xcassets in Resources */ = {isa = PBXBuildFile; fileRef = 86CB80DB2918AD5A00F69A5A /* Assets.xcassets */; };
		86CB80E02918AD5A00F69A5A /* Preview Assets.xcassets in Resources */ = {isa = PBXBuildFile; fileRef = 86CB80DF2918AD5A00F69A5A /* Preview Assets.xcassets */; };
		86CB80E92918AECF00F69A5A /* AppleMapView.swift in Sources */ = {isa = PBXBuildFile; fileRef = 86CB80E82918AECF00F69A5A /* AppleMapView.swift */; };
		86CB80EB2918AEE800F69A5A /* APIModel.swift in Sources */ = {isa = PBXBuildFile; fileRef = 86CB80EA2918AEE800F69A5A /* APIModel.swift */; };
		86CF62122920372800E54DC8 /* EnterUserInfoView.swift in Sources */ = {isa = PBXBuildFile; fileRef = 86CF62112920372800E54DC8 /* EnterUserInfoView.swift */; };
		86CF62142920374200E54DC8 /* UserInfoModel.swift in Sources */ = {isa = PBXBuildFile; fileRef = 86CF62132920374200E54DC8 /* UserInfoModel.swift */; };
		86CF6218292044F400E54DC8 /* NavigationModel.swift in Sources */ = {isa = PBXBuildFile; fileRef = 86CF6217292044F400E54DC8 /* NavigationModel.swift */; };
		86CF621C292055A000E54DC8 /* Utils.swift in Sources */ = {isa = PBXBuildFile; fileRef = 86CF621B292055A000E54DC8 /* Utils.swift */; };
		86CF621E29208C1E00E54DC8 /* HealthKitAccessor.swift in Sources */ = {isa = PBXBuildFile; fileRef = 86CF621D29208C1E00E54DC8 /* HealthKitAccessor.swift */; };
/* End PBXBuildFile section */

/* Begin PBXFileReference section */
		86263C5F292028FB00C632BB /* RouteSelectionView.swift */ = {isa = PBXFileReference; lastKnownFileType = sourcecode.swift; path = RouteSelectionView.swift; sourceTree = "<group>"; };
		86263C6129202A5200C632BB /* RoutesModel.swift */ = {isa = PBXFileReference; lastKnownFileType = sourcecode.swift; path = RoutesModel.swift; sourceTree = "<group>"; };
		86CB80D42918AD5800F69A5A /* Inrix Hack 2022.app */ = {isa = PBXFileReference; explicitFileType = wrapper.application; includeInIndex = 0; path = "Inrix Hack 2022.app"; sourceTree = BUILT_PRODUCTS_DIR; };
		86CB80D72918AD5800F69A5A /* Inrix_Hack_2022App.swift */ = {isa = PBXFileReference; lastKnownFileType = sourcecode.swift; path = Inrix_Hack_2022App.swift; sourceTree = "<group>"; };
		86CB80D92918AD5800F69A5A /* ContentView.swift */ = {isa = PBXFileReference; lastKnownFileType = sourcecode.swift; path = ContentView.swift; sourceTree = "<group>"; };
		86CB80DB2918AD5A00F69A5A /* Assets.xcassets */ = {isa = PBXFileReference; lastKnownFileType = folder.assetcatalog; path = Assets.xcassets; sourceTree = "<group>"; };
		86CB80DD2918AD5A00F69A5A /* Inrix_Hack_2022.entitlements */ = {isa = PBXFileReference; lastKnownFileType = text.plist.entitlements; path = Inrix_Hack_2022.entitlements; sourceTree = "<group>"; };
		86CB80DF2918AD5A00F69A5A /* Preview Assets.xcassets */ = {isa = PBXFileReference; lastKnownFileType = folder.assetcatalog; path = "Preview Assets.xcassets"; sourceTree = "<group>"; };
		86CB80E82918AECF00F69A5A /* AppleMapView.swift */ = {isa = PBXFileReference; lastKnownFileType = sourcecode.swift; path = AppleMapView.swift; sourceTree = "<group>"; };
		86CB80EA2918AEE800F69A5A /* APIModel.swift */ = {isa = PBXFileReference; lastKnownFileType = sourcecode.swift; path = APIModel.swift; sourceTree = "<group>"; };
		86CF62112920372800E54DC8 /* EnterUserInfoView.swift */ = {isa = PBXFileReference; lastKnownFileType = sourcecode.swift; path = EnterUserInfoView.swift; sourceTree = "<group>"; };
		86CF62132920374200E54DC8 /* UserInfoModel.swift */ = {isa = PBXFileReference; lastKnownFileType = sourcecode.swift; path = UserInfoModel.swift; sourceTree = "<group>"; };
		86CF6217292044F400E54DC8 /* NavigationModel.swift */ = {isa = PBXFileReference; lastKnownFileType = sourcecode.swift; path = NavigationModel.swift; sourceTree = "<group>"; };
		86CF621B292055A000E54DC8 /* Utils.swift */ = {isa = PBXFileReference; lastKnownFileType = sourcecode.swift; path = Utils.swift; sourceTree = "<group>"; };
		86CF621D29208C1E00E54DC8 /* HealthKitAccessor.swift */ = {isa = PBXFileReference; lastKnownFileType = sourcecode.swift; path = HealthKitAccessor.swift; sourceTree = "<group>"; };
/* End PBXFileReference section */

/* Begin PBXFrameworksBuildPhase section */
		86CB80D12918AD5800F69A5A /* Frameworks */ = {
			isa = PBXFrameworksBuildPhase;
			buildActionMask = 2147483647;
			files = (
			);
			runOnlyForDeploymentPostprocessing = 0;
		};
/* End PBXFrameworksBuildPhase section */

/* Begin PBXGroup section */
		86CB80CB2918AD5800F69A5A = {
			isa = PBXGroup;
			children = (
				86CB80D62918AD5800F69A5A /* Inrix Hack 2022 */,
				86CB80D52918AD5800F69A5A /* Products */,
			);
			sourceTree = "<group>";
		};
		86CB80D52918AD5800F69A5A /* Products */ = {
			isa = PBXGroup;
			children = (
				86CB80D42918AD5800F69A5A /* Inrix Hack 2022.app */,
			);
			name = Products;
			sourceTree = "<group>";
		};
		86CB80D62918AD5800F69A5A /* Inrix Hack 2022 */ = {
			isa = PBXGroup;
			children = (
				86CB80D72918AD5800F69A5A /* Inrix_Hack_2022App.swift */,
				86CF621F29208C2800E54DC8 /* HealthKit */,
				86CF6216292044E200E54DC8 /* Views */,
				86CF6215292044D800E54DC8 /* Models */,
				86CB80DB2918AD5A00F69A5A /* Assets.xcassets */,
				86CB80DD2918AD5A00F69A5A /* Inrix_Hack_2022.entitlements */,
				86CB80DE2918AD5A00F69A5A /* Preview Content */,
				86CF621B292055A000E54DC8 /* Utils.swift */,
			);
			path = "Inrix Hack 2022";
			sourceTree = "<group>";
		};
		86CB80DE2918AD5A00F69A5A /* Preview Content */ = {
			isa = PBXGroup;
			children = (
				86CB80DF2918AD5A00F69A5A /* Preview Assets.xcassets */,
			);
			path = "Preview Content";
			sourceTree = "<group>";
		};
		86CF6215292044D800E54DC8 /* Models */ = {
			isa = PBXGroup;
			children = (
				86263C6129202A5200C632BB /* RoutesModel.swift */,
				86CB80EA2918AEE800F69A5A /* APIModel.swift */,
				86CF62132920374200E54DC8 /* UserInfoModel.swift */,
				86CF6217292044F400E54DC8 /* NavigationModel.swift */,
			);
			path = Models;
			sourceTree = "<group>";
		};
		86CF6216292044E200E54DC8 /* Views */ = {
			isa = PBXGroup;
			children = (
				86CB80D92918AD5800F69A5A /* ContentView.swift */,
				86CB80E82918AECF00F69A5A /* AppleMapView.swift */,
				86263C5F292028FB00C632BB /* RouteSelectionView.swift */,
				86CF62112920372800E54DC8 /* EnterUserInfoView.swift */,
			);
			path = Views;
			sourceTree = "<group>";
		};
		86CF621F29208C2800E54DC8 /* HealthKit */ = {
			isa = PBXGroup;
			children = (
				86CF621D29208C1E00E54DC8 /* HealthKitAccessor.swift */,
			);
			path = HealthKit;
			sourceTree = "<group>";
		};
/* End PBXGroup section */

/* Begin PBXNativeTarget section */
		86CB80D32918AD5800F69A5A /* Inrix Hack 2022 */ = {
			isa = PBXNativeTarget;
			buildConfigurationList = 86CB80E32918AD5A00F69A5A /* Build configuration list for PBXNativeTarget "Inrix Hack 2022" */;
			buildPhases = (
				86CB80D02918AD5800F69A5A /* Sources */,
				86CB80D12918AD5800F69A5A /* Frameworks */,
				86CB80D22918AD5800F69A5A /* Resources */,
			);
			buildRules = (
			);
			dependencies = (
			);
			name = "Inrix Hack 2022";
			productName = "Inrix Hack 2022";
			productReference = 86CB80D42918AD5800F69A5A /* Inrix Hack 2022.app */;
			productType = "com.apple.product-type.application";
		};
/* End PBXNativeTarget section */

/* Begin PBXProject section */
		86CB80CC2918AD5800F69A5A /* Project object */ = {
			isa = PBXProject;
			attributes = {
				BuildIndependentTargetsInParallel = 1;
				LastSwiftUpdateCheck = 1410;
				LastUpgradeCheck = 1410;
				TargetAttributes = {
					86CB80D32918AD5800F69A5A = {
						CreatedOnToolsVersion = 14.1;
					};
				};
			};
			buildConfigurationList = 86CB80CF2918AD5800F69A5A /* Build configuration list for PBXProject "Inrix Hack 2022" */;
			compatibilityVersion = "Xcode 14.0";
			developmentRegion = en;
			hasScannedForEncodings = 0;
			knownRegions = (
				en,
				Base,
			);
			mainGroup = 86CB80CB2918AD5800F69A5A;
			productRefGroup = 86CB80D52918AD5800F69A5A /* Products */;
			projectDirPath = "";
			projectRoot = "";
			targets = (
				86CB80D32918AD5800F69A5A /* Inrix Hack 2022 */,
			);
		};
/* End PBXProject section */

/* Begin PBXResourcesBuildPhase section */
		86CB80D22918AD5800F69A5A /* Resources */ = {
			isa = PBXResourcesBuildPhase;
			buildActionMask = 2147483647;
			files = (
				86CB80E02918AD5A00F69A5A /* Preview Assets.xcassets in Resources */,
				86CB80DC2918AD5A00F69A5A /* Assets.xcassets in Resources */,
			);
			runOnlyForDeploymentPostprocessing = 0;
		};
/* End PBXResourcesBuildPhase section */

/* Begin PBXSourcesBuildPhase section */
		86CB80D02918AD5800F69A5A /* Sources */ = {
			isa = PBXSourcesBuildPhase;
			buildActionMask = 2147483647;
			files = (
				86CF62122920372800E54DC8 /* EnterUserInfoView.swift in Sources */,
				86CB80EB2918AEE800F69A5A /* APIModel.swift in Sources */,
				86CF62142920374200E54DC8 /* UserInfoModel.swift in Sources */,
				86CB80DA2918AD5800F69A5A /* ContentView.swift in Sources */,
				86263C60292028FB00C632BB /* RouteSelectionView.swift in Sources */,
				86CF6218292044F400E54DC8 /* NavigationModel.swift in Sources */,
				86CF621C292055A000E54DC8 /* Utils.swift in Sources */,
				86263C6229202A5200C632BB /* RoutesModel.swift in Sources */,
				86CB80E92918AECF00F69A5A /* AppleMapView.swift in Sources */,
				86CF621E29208C1E00E54DC8 /* HealthKitAccessor.swift in Sources */,
				86CB80D82918AD5800F69A5A /* Inrix_Hack_2022App.swift in Sources */,
			);
			runOnlyForDeploymentPostprocessing = 0;
		};
/* End PBXSourcesBuildPhase section */

/* Begin XCBuildConfiguration section */
		86CB80E12918AD5A00F69A5A /* Debug */ = {
			isa = XCBuildConfiguration;
			buildSettings = {
				ALWAYS_SEARCH_USER_PATHS = NO;
				CLANG_ANALYZER_NONNULL = YES;
				CLANG_ANALYZER_NUMBER_OBJECT_CONVERSION = YES_AGGRESSIVE;
				CLANG_CXX_LANGUAGE_STANDARD = "gnu++20";
				CLANG_ENABLE_MODULES = YES;
				CLANG_ENABLE_OBJC_ARC = YES;
				CLANG_ENABLE_OBJC_WEAK = YES;
				CLANG_WARN_BLOCK_CAPTURE_AUTORELEASING = YES;
				CLANG_WARN_BOOL_CONVERSION = YES;
				CLANG_WARN_COMMA = YES;
				CLANG_WARN_CONSTANT_CONVERSION = YES;
				CLANG_WARN_DEPRECATED_OBJC_IMPLEMENTATIONS = YES;
				CLANG_WARN_DIRECT_OBJC_ISA_USAGE = YES_ERROR;
				CLANG_WARN_DOCUMENTATION_COMMENTS = YES;
				CLANG_WARN_EMPTY_BODY = YES;
				CLANG_WARN_ENUM_CONVERSION = YES;
				CLANG_WARN_INFINITE_RECURSION = YES;
				CLANG_WARN_INT_CONVERSION = YES;
				CLANG_WARN_NON_LITERAL_NULL_CONVERSION = YES;
				CLANG_WARN_OBJC_IMPLICIT_RETAIN_SELF = YES;
				CLANG_WARN_OBJC_LITERAL_CONVERSION = YES;
				CLANG_WARN_OBJC_ROOT_CLASS = YES_ERROR;
				CLANG_WARN_QUOTED_INCLUDE_IN_FRAMEWORK_HEADER = YES;
				CLANG_WARN_RANGE_LOOP_ANALYSIS = YES;
				CLANG_WARN_STRICT_PROTOTYPES = YES;
				CLANG_WARN_SUSPICIOUS_MOVE = YES;
				CLANG_WARN_UNGUARDED_AVAILABILITY = YES_AGGRESSIVE;
				CLANG_WARN_UNREACHABLE_CODE = YES;
				CLANG_WARN__DUPLICATE_METHOD_MATCH = YES;
				COPY_PHASE_STRIP = NO;
				DEBUG_INFORMATION_FORMAT = dwarf;
				ENABLE_STRICT_OBJC_MSGSEND = YES;
				ENABLE_TESTABILITY = YES;
				GCC_C_LANGUAGE_STANDARD = gnu11;
				GCC_DYNAMIC_NO_PIC = NO;
				GCC_NO_COMMON_BLOCKS = YES;
				GCC_OPTIMIZATION_LEVEL = 0;
				GCC_PREPROCESSOR_DEFINITIONS = (
					"DEBUG=1",
					"$(inherited)",
				);
				GCC_WARN_64_TO_32_BIT_CONVERSION = YES;
				GCC_WARN_ABOUT_RETURN_TYPE = YES_ERROR;
				GCC_WARN_UNDECLARED_SELECTOR = YES;
				GCC_WARN_UNINITIALIZED_AUTOS = YES_AGGRESSIVE;
				GCC_WARN_UNUSED_FUNCTION = YES;
				GCC_WARN_UNUSED_VARIABLE = YES;
				MTL_ENABLE_DEBUG_INFO = INCLUDE_SOURCE;
				MTL_FAST_MATH = YES;
				ONLY_ACTIVE_ARCH = YES;
				SWIFT_ACTIVE_COMPILATION_CONDITIONS = DEBUG;
				SWIFT_OPTIMIZATION_LEVEL = "-Onone";
			};
			name = Debug;
		};
		86CB80E22918AD5A00F69A5A /* Release */ = {
			isa = XCBuildConfiguration;
			buildSettings = {
				ALWAYS_SEARCH_USER_PATHS = NO;
				CLANG_ANALYZER_NONNULL = YES;
				CLANG_ANALYZER_NUMBER_OBJECT_CONVERSION = YES_AGGRESSIVE;
				CLANG_CXX_LANGUAGE_STANDARD = "gnu++20";
				CLANG_ENABLE_MODULES = YES;
				CLANG_ENABLE_OBJC_ARC = YES;
				CLANG_ENABLE_OBJC_WEAK = YES;
				CLANG_WARN_BLOCK_CAPTURE_AUTORELEASING = YES;
				CLANG_WARN_BOOL_CONVERSION = YES;
				CLANG_WARN_COMMA = YES;
				CLANG_WARN_CONSTANT_CONVERSION = YES;
				CLANG_WARN_DEPRECATED_OBJC_IMPLEMENTATIONS = YES;
				CLANG_WARN_DIRECT_OBJC_ISA_USAGE = YES_ERROR;
				CLANG_WARN_DOCUMENTATION_COMMENTS = YES;
				CLANG_WARN_EMPTY_BODY = YES;
				CLANG_WARN_ENUM_CONVERSION = YES;
				CLANG_WARN_INFINITE_RECURSION = YES;
				CLANG_WARN_INT_CONVERSION = YES;
				CLANG_WARN_NON_LITERAL_NULL_CONVERSION = YES;
				CLANG_WARN_OBJC_IMPLICIT_RETAIN_SELF = YES;
				CLANG_WARN_OBJC_LITERAL_CONVERSION = YES;
				CLANG_WARN_OBJC_ROOT_CLASS = YES_ERROR;
				CLANG_WARN_QUOTED_INCLUDE_IN_FRAMEWORK_HEADER = YES;
				CLANG_WARN_RANGE_LOOP_ANALYSIS = YES;
				CLANG_WARN_STRICT_PROTOTYPES = YES;
				CLANG_WARN_SUSPICIOUS_MOVE = YES;
				CLANG_WARN_UNGUARDED_AVAILABILITY = YES_AGGRESSIVE;
				CLANG_WARN_UNREACHABLE_CODE = YES;
				CLANG_WARN__DUPLICATE_METHOD_MATCH = YES;
				COPY_PHASE_STRIP = NO;
				DEBUG_INFORMATION_FORMAT = "dwarf-with-dsym";
				ENABLE_NS_ASSERTIONS = NO;
				ENABLE_STRICT_OBJC_MSGSEND = YES;
				GCC_C_LANGUAGE_STANDARD = gnu11;
				GCC_NO_COMMON_BLOCKS = YES;
				GCC_WARN_64_TO_32_BIT_CONVERSION = YES;
				GCC_WARN_ABOUT_RETURN_TYPE = YES_ERROR;
				GCC_WARN_UNDECLARED_SELECTOR = YES;
				GCC_WARN_UNINITIALIZED_AUTOS = YES_AGGRESSIVE;
				GCC_WARN_UNUSED_FUNCTION = YES;
				GCC_WARN_UNUSED_VARIABLE = YES;
				MTL_ENABLE_DEBUG_INFO = NO;
				MTL_FAST_MATH = YES;
				SWIFT_COMPILATION_MODE = wholemodule;
				SWIFT_OPTIMIZATION_LEVEL = "-O";
			};
			name = Release;
		};
		86CB80E42918AD5A00F69A5A /* Debug */ = {
			isa = XCBuildConfiguration;
			buildSettings = {
				ASSETCATALOG_COMPILER_APPICON_NAME = AppIcon;
				ASSETCATALOG_COMPILER_GLOBAL_ACCENT_COLOR_NAME = AccentColor;
				CODE_SIGN_ENTITLEMENTS = "Inrix Hack 2022/Inrix_Hack_2022.entitlements";
				CODE_SIGN_STYLE = Automatic;
				CURRENT_PROJECT_VERSION = 1;
				DEVELOPMENT_ASSET_PATHS = "\"Inrix Hack 2022/Preview Content\"";
				DEVELOPMENT_TEAM = LTHP4N872E;
				ENABLE_HARDENED_RUNTIME = YES;
				ENABLE_PREVIEWS = YES;
				GENERATE_INFOPLIST_FILE = YES;
				INFOPLIST_KEY_NSHealthClinicalHealthRecordsShareUsageDescription = "Getting walking and disability information";
				INFOPLIST_KEY_NSHealthShareUsageDescription = "Your records are not shared";
				INFOPLIST_KEY_NSHealthUpdateUsageDescription = "Your records are not modified by us";
				"INFOPLIST_KEY_UIApplicationSceneManifest_Generation[sdk=iphoneos*]" = YES;
				"INFOPLIST_KEY_UIApplicationSceneManifest_Generation[sdk=iphonesimulator*]" = YES;
				"INFOPLIST_KEY_UIApplicationSupportsIndirectInputEvents[sdk=iphoneos*]" = YES;
				"INFOPLIST_KEY_UIApplicationSupportsIndirectInputEvents[sdk=iphonesimulator*]" = YES;
				"INFOPLIST_KEY_UILaunchScreen_Generation[sdk=iphoneos*]" = YES;
				"INFOPLIST_KEY_UILaunchScreen_Generation[sdk=iphonesimulator*]" = YES;
				"INFOPLIST_KEY_UIStatusBarStyle[sdk=iphoneos*]" = UIStatusBarStyleDefault;
				"INFOPLIST_KEY_UIStatusBarStyle[sdk=iphonesimulator*]" = UIStatusBarStyleDefault;
				INFOPLIST_KEY_UISupportedInterfaceOrientations_iPad = "UIInterfaceOrientationPortrait UIInterfaceOrientationPortraitUpsideDown UIInterfaceOrientationLandscapeLeft UIInterfaceOrientationLandscapeRight";
				INFOPLIST_KEY_UISupportedInterfaceOrientations_iPhone = "UIInterfaceOrientationPortrait UIInterfaceOrientationLandscapeLeft UIInterfaceOrientationLandscapeRight";
				IPHONEOS_DEPLOYMENT_TARGET = 16.1;
				LD_RUNPATH_SEARCH_PATHS = "@executable_path/Frameworks";
				"LD_RUNPATH_SEARCH_PATHS[sdk=macosx*]" = "@executable_path/../Frameworks";
				MACOSX_DEPLOYMENT_TARGET = 13.0;
				MARKETING_VERSION = 1.0;
				PRODUCT_BUNDLE_IDENTIFIER = "Gavin.Inrix-Hack-2022";
				PRODUCT_NAME = "$(TARGET_NAME)";
				SDKROOT = auto;
				SUPPORTED_PLATFORMS = "iphoneos iphonesimulator macosx";
				SWIFT_EMIT_LOC_STRINGS = YES;
				SWIFT_VERSION = 5.0;
				TARGETED_DEVICE_FAMILY = "1,2";
			};
			name = Debug;
		};
		86CB80E52918AD5A00F69A5A /* Release */ = {
			isa = XCBuildConfiguration;
			buildSettings = {
				ASSETCATALOG_COMPILER_APPICON_NAME = AppIcon;
				ASSETCATALOG_COMPILER_GLOBAL_ACCENT_COLOR_NAME = AccentColor;
				CODE_SIGN_ENTITLEMENTS = "Inrix Hack 2022/Inrix_Hack_2022.entitlements";
				CODE_SIGN_STYLE = Automatic;
				CURRENT_PROJECT_VERSION = 1;
				DEVELOPMENT_ASSET_PATHS = "\"Inrix Hack 2022/Preview Content\"";
				DEVELOPMENT_TEAM = LTHP4N872E;
				ENABLE_HARDENED_RUNTIME = YES;
				ENABLE_PREVIEWS = YES;
				GENERATE_INFOPLIST_FILE = YES;
				INFOPLIST_KEY_NSHealthClinicalHealthRecordsShareUsageDescription = "Getting walking and disability information";
				INFOPLIST_KEY_NSHealthShareUsageDescription = "Your records are not shared";
				INFOPLIST_KEY_NSHealthUpdateUsageDescription = "Your records are not modified by us";
				"INFOPLIST_KEY_UIApplicationSceneManifest_Generation[sdk=iphoneos*]" = YES;
				"INFOPLIST_KEY_UIApplicationSceneManifest_Generation[sdk=iphonesimulator*]" = YES;
				"INFOPLIST_KEY_UIApplicationSupportsIndirectInputEvents[sdk=iphoneos*]" = YES;
				"INFOPLIST_KEY_UIApplicationSupportsIndirectInputEvents[sdk=iphonesimulator*]" = YES;
				"INFOPLIST_KEY_UILaunchScreen_Generation[sdk=iphoneos*]" = YES;
				"INFOPLIST_KEY_UILaunchScreen_Generation[sdk=iphonesimulator*]" = YES;
				"INFOPLIST_KEY_UIStatusBarStyle[sdk=iphoneos*]" = UIStatusBarStyleDefault;
				"INFOPLIST_KEY_UIStatusBarStyle[sdk=iphonesimulator*]" = UIStatusBarStyleDefault;
				INFOPLIST_KEY_UISupportedInterfaceOrientations_iPad = "UIInterfaceOrientationPortrait UIInterfaceOrientationPortraitUpsideDown UIInterfaceOrientationLandscapeLeft UIInterfaceOrientationLandscapeRight";
				INFOPLIST_KEY_UISupportedInterfaceOrientations_iPhone = "UIInterfaceOrientationPortrait UIInterfaceOrientationLandscapeLeft UIInterfaceOrientationLandscapeRight";
				IPHONEOS_DEPLOYMENT_TARGET = 16.1;
				LD_RUNPATH_SEARCH_PATHS = "@executable_path/Frameworks";
				"LD_RUNPATH_SEARCH_PATHS[sdk=macosx*]" = "@executable_path/../Frameworks";
				MACOSX_DEPLOYMENT_TARGET = 13.0;
				MARKETING_VERSION = 1.0;
				PRODUCT_BUNDLE_IDENTIFIER = "Gavin.Inrix-Hack-2022";
				PRODUCT_NAME = "$(TARGET_NAME)";
				SDKROOT = auto;
				SUPPORTED_PLATFORMS = "iphoneos iphonesimulator macosx";
				SWIFT_EMIT_LOC_STRINGS = YES;
				SWIFT_VERSION = 5.0;
				TARGETED_DEVICE_FAMILY = "1,2";
			};
			name = Release;
		};
/* End XCBuildConfiguration section */

/* Begin XCConfigurationList section */
		86CB80CF2918AD5800F69A5A /* Build configuration list for PBXProject "Inrix Hack 2022" */ = {
			isa = XCConfigurationList;
			buildConfigurations = (
				86CB80E12918AD5A00F69A5A /* Debug */,
				86CB80E22918AD5A00F69A5A /* Release */,
			);
			defaultConfigurationIsVisible = 0;
			defaultConfigurationName = Release;
		};
		86CB80E32918AD5A00F69A5A /* Build configuration list for PBXNativeTarget "Inrix Hack 2022" */ = {
			isa = XCConfigurationList;
			buildConfigurations = (
				86CB80E42918AD5A00F69A5A /* Debug */,
				86CB80E52918AD5A00F69A5A /* Release */,
			);
			defaultConfigurationIsVisible = 0;
			defaultConfigurationName = Release;
		};
/* End XCConfigurationList section */
	};
	rootObject = 86CB80CC2918AD5800F69A5A /* Project object */;
}
